// !$*UTF8*$!
{
	archiveVersion = 1;
	classes = {
	};
	objectVersion = 56;
	objects = {

/* Begin PBXBuildFile section */
		633FF898296ED9B9006EE295 /* AppDelegate.swift in Sources */ = {isa = PBXBuildFile; fileRef = 633FF897296ED9B9006EE295 /* AppDelegate.swift */; };
		633FF89A296ED9B9006EE295 /* SceneDelegate.swift in Sources */ = {isa = PBXBuildFile; fileRef = 633FF899296ED9B9006EE295 /* SceneDelegate.swift */; };
		633FF89C296ED9B9006EE295 /* RMTabBarController.swift in Sources */ = {isa = PBXBuildFile; fileRef = 633FF89B296ED9B9006EE295 /* RMTabBarController.swift */; };
		633FF8A1296ED9BB006EE295 /* Assets.xcassets in Resources */ = {isa = PBXBuildFile; fileRef = 633FF8A0296ED9BB006EE295 /* Assets.xcassets */; };
		633FF8A4296ED9BB006EE295 /* LaunchScreen.storyboard in Resources */ = {isa = PBXBuildFile; fileRef = 633FF8A2296ED9BB006EE295 /* LaunchScreen.storyboard */; };
		633FF8B4296EDDF0006EE295 /* RMLocation.swift in Sources */ = {isa = PBXBuildFile; fileRef = 633FF8B3296EDDF0006EE295 /* RMLocation.swift */; };
		633FF8B6296EDDF6006EE295 /* RMCharacter.swift in Sources */ = {isa = PBXBuildFile; fileRef = 633FF8B5296EDDF6006EE295 /* RMCharacter.swift */; };
		633FF8B8296EDE0A006EE295 /* RMEpisode.swift in Sources */ = {isa = PBXBuildFile; fileRef = 633FF8B7296EDE0A006EE295 /* RMEpisode.swift */; };
		633FF8BB296EDEAC006EE295 /* RMCharacterViewController.swift in Sources */ = {isa = PBXBuildFile; fileRef = 633FF8BA296EDEAC006EE295 /* RMCharacterViewController.swift */; };
		633FF8BD296EDEB6006EE295 /* RMLocationViewController.swift in Sources */ = {isa = PBXBuildFile; fileRef = 633FF8BC296EDEB6006EE295 /* RMLocationViewController.swift */; };
		633FF8BF296EDEBE006EE295 /* RMEpisodeViewController.swift in Sources */ = {isa = PBXBuildFile; fileRef = 633FF8BE296EDEBE006EE295 /* RMEpisodeViewController.swift */; };
		633FF8C1296EDECB006EE295 /* RMSettingsViewController.swift in Sources */ = {isa = PBXBuildFile; fileRef = 633FF8C0296EDECB006EE295 /* RMSettingsViewController.swift */; };
		633FF8C3296EE746006EE295 /* RMService.swift in Sources */ = {isa = PBXBuildFile; fileRef = 633FF8C2296EE745006EE295 /* RMService.swift */; };
		633FF8C5296EE75B006EE295 /* RMRequest.swift in Sources */ = {isa = PBXBuildFile; fileRef = 633FF8C4296EE75B006EE295 /* RMRequest.swift */; };
		633FF8C7296EE7D1006EE295 /* RMEndpoint.swift in Sources */ = {isa = PBXBuildFile; fileRef = 633FF8C6296EE7D1006EE295 /* RMEndpoint.swift */; };
		634F9E8F296F16AD00A6387D /* SnapKit in Frameworks */ = {isa = PBXBuildFile; productRef = 634F9E8E296F16AD00A6387D /* SnapKit */; };
		6358CEB92971193D00B8F96E /* RMCharacterDetailViewController.swift in Sources */ = {isa = PBXBuildFile; fileRef = 6358CEB82971193D00B8F96E /* RMCharacterDetailViewController.swift */; };
		6358CEBD29711A0000B8F96E /* RMCharacterDetailView.swift in Sources */ = {isa = PBXBuildFile; fileRef = 6358CEBC29711A0000B8F96E /* RMCharacterDetailView.swift */; };
		6358CEBF29711A4100B8F96E /* RMCharacterDetailViewViewModel.swift in Sources */ = {isa = PBXBuildFile; fileRef = 6358CEBE29711A4100B8F96E /* RMCharacterDetailViewViewModel.swift */; };
		6358CEC1297122D100B8F96E /* RMFooterLoadingCollectionReusableView.swift in Sources */ = {isa = PBXBuildFile; fileRef = 6358CEC0297122D100B8F96E /* RMFooterLoadingCollectionReusableView.swift */; };
		6364733E296FC87600609B66 /* RMGetAllCharactersResponse.swift in Sources */ = {isa = PBXBuildFile; fileRef = 6364733D296FC87600609B66 /* RMGetAllCharactersResponse.swift */; };
		636473692970162500609B66 /* RMCharacterListViewViewModel.swift in Sources */ = {isa = PBXBuildFile; fileRef = 636473682970162500609B66 /* RMCharacterListViewViewModel.swift */; };
		6364736B2970167700609B66 /* RMCharacterListView.swift in Sources */ = {isa = PBXBuildFile; fileRef = 6364736A2970167700609B66 /* RMCharacterListView.swift */; };
		6364736E29701C8F00609B66 /* Extensions.swift in Sources */ = {isa = PBXBuildFile; fileRef = 6364736D29701C8F00609B66 /* Extensions.swift */; };
		63647370297025D900609B66 /* RMCharacterCollectionViewCell.swift in Sources */ = {isa = PBXBuildFile; fileRef = 6364736F297025D900609B66 /* RMCharacterCollectionViewCell.swift */; };
		63647372297026C200609B66 /* RMCharacterListViewCellViewModel.swift in Sources */ = {isa = PBXBuildFile; fileRef = 63647371297026C200609B66 /* RMCharacterListViewCellViewModel.swift */; };
/* End PBXBuildFile section */

/* Begin PBXFileReference section */
		633FF894296ED9B9006EE295 /* RickAndMorty.app */ = {isa = PBXFileReference; explicitFileType = wrapper.application; includeInIndex = 0; path = RickAndMorty.app; sourceTree = BUILT_PRODUCTS_DIR; };
		633FF897296ED9B9006EE295 /* AppDelegate.swift */ = {isa = PBXFileReference; lastKnownFileType = sourcecode.swift; path = AppDelegate.swift; sourceTree = "<group>"; };
		633FF899296ED9B9006EE295 /* SceneDelegate.swift */ = {isa = PBXFileReference; lastKnownFileType = sourcecode.swift; path = SceneDelegate.swift; sourceTree = "<group>"; };
		633FF89B296ED9B9006EE295 /* RMTabBarController.swift */ = {isa = PBXFileReference; lastKnownFileType = sourcecode.swift; path = RMTabBarController.swift; sourceTree = "<group>"; };
		633FF8A0296ED9BB006EE295 /* Assets.xcassets */ = {isa = PBXFileReference; lastKnownFileType = folder.assetcatalog; path = Assets.xcassets; sourceTree = "<group>"; };
		633FF8A3296ED9BB006EE295 /* Base */ = {isa = PBXFileReference; lastKnownFileType = file.storyboard; name = Base; path = Base.lproj/LaunchScreen.storyboard; sourceTree = "<group>"; };
		633FF8A5296ED9BB006EE295 /* Info.plist */ = {isa = PBXFileReference; lastKnownFileType = text.plist.xml; path = Info.plist; sourceTree = "<group>"; };
		633FF8B3296EDDF0006EE295 /* RMLocation.swift */ = {isa = PBXFileReference; lastKnownFileType = sourcecode.swift; path = RMLocation.swift; sourceTree = "<group>"; };
		633FF8B5296EDDF6006EE295 /* RMCharacter.swift */ = {isa = PBXFileReference; lastKnownFileType = sourcecode.swift; path = RMCharacter.swift; sourceTree = "<group>"; };
		633FF8B7296EDE0A006EE295 /* RMEpisode.swift */ = {isa = PBXFileReference; lastKnownFileType = sourcecode.swift; path = RMEpisode.swift; sourceTree = "<group>"; };
		633FF8BA296EDEAC006EE295 /* RMCharacterViewController.swift */ = {isa = PBXFileReference; lastKnownFileType = sourcecode.swift; path = RMCharacterViewController.swift; sourceTree = "<group>"; };
		633FF8BC296EDEB6006EE295 /* RMLocationViewController.swift */ = {isa = PBXFileReference; lastKnownFileType = sourcecode.swift; path = RMLocationViewController.swift; sourceTree = "<group>"; };
		633FF8BE296EDEBE006EE295 /* RMEpisodeViewController.swift */ = {isa = PBXFileReference; lastKnownFileType = sourcecode.swift; path = RMEpisodeViewController.swift; sourceTree = "<group>"; };
		633FF8C0296EDECB006EE295 /* RMSettingsViewController.swift */ = {isa = PBXFileReference; lastKnownFileType = sourcecode.swift; path = RMSettingsViewController.swift; sourceTree = "<group>"; };
		633FF8C2296EE745006EE295 /* RMService.swift */ = {isa = PBXFileReference; lastKnownFileType = sourcecode.swift; path = RMService.swift; sourceTree = "<group>"; };
		633FF8C4296EE75B006EE295 /* RMRequest.swift */ = {isa = PBXFileReference; lastKnownFileType = sourcecode.swift; path = RMRequest.swift; sourceTree = "<group>"; };
		633FF8C6296EE7D1006EE295 /* RMEndpoint.swift */ = {isa = PBXFileReference; lastKnownFileType = sourcecode.swift; path = RMEndpoint.swift; sourceTree = "<group>"; };
		6358CEB82971193D00B8F96E /* RMCharacterDetailViewController.swift */ = {isa = PBXFileReference; lastKnownFileType = sourcecode.swift; path = RMCharacterDetailViewController.swift; sourceTree = "<group>"; };
		6358CEBC29711A0000B8F96E /* RMCharacterDetailView.swift */ = {isa = PBXFileReference; lastKnownFileType = sourcecode.swift; path = RMCharacterDetailView.swift; sourceTree = "<group>"; };
		6358CEBE29711A4100B8F96E /* RMCharacterDetailViewViewModel.swift */ = {isa = PBXFileReference; lastKnownFileType = sourcecode.swift; path = RMCharacterDetailViewViewModel.swift; sourceTree = "<group>"; };
		6358CEC0297122D100B8F96E /* RMFooterLoadingCollectionReusableView.swift */ = {isa = PBXFileReference; lastKnownFileType = sourcecode.swift; path = RMFooterLoadingCollectionReusableView.swift; sourceTree = "<group>"; };
		6364733D296FC87600609B66 /* RMGetAllCharactersResponse.swift */ = {isa = PBXFileReference; lastKnownFileType = sourcecode.swift; path = RMGetAllCharactersResponse.swift; sourceTree = "<group>"; };
		636473682970162500609B66 /* RMCharacterListViewViewModel.swift */ = {isa = PBXFileReference; lastKnownFileType = sourcecode.swift; path = RMCharacterListViewViewModel.swift; sourceTree = "<group>"; };
		6364736A2970167700609B66 /* RMCharacterListView.swift */ = {isa = PBXFileReference; lastKnownFileType = sourcecode.swift; path = RMCharacterListView.swift; sourceTree = "<group>"; };
		6364736D29701C8F00609B66 /* Extensions.swift */ = {isa = PBXFileReference; lastKnownFileType = sourcecode.swift; path = Extensions.swift; sourceTree = "<group>"; };
		6364736F297025D900609B66 /* RMCharacterCollectionViewCell.swift */ = {isa = PBXFileReference; lastKnownFileType = sourcecode.swift; path = RMCharacterCollectionViewCell.swift; sourceTree = "<group>"; };
		63647371297026C200609B66 /* RMCharacterListViewCellViewModel.swift */ = {isa = PBXFileReference; lastKnownFileType = sourcecode.swift; path = RMCharacterListViewCellViewModel.swift; sourceTree = "<group>"; };
/* End PBXFileReference section */

/* Begin PBXFrameworksBuildPhase section */
		633FF891296ED9B9006EE295 /* Frameworks */ = {
			isa = PBXFrameworksBuildPhase;
			buildActionMask = 2147483647;
			files = (
				634F9E8F296F16AD00A6387D /* SnapKit in Frameworks */,
			);
			runOnlyForDeploymentPostprocessing = 0;
		};
/* End PBXFrameworksBuildPhase section */

/* Begin PBXGroup section */
		633FF88B296ED9B9006EE295 = {
			isa = PBXGroup;
			children = (
				633FF896296ED9B9006EE295 /* RickAndMorty */,
				633FF895296ED9B9006EE295 /* Products */,
			);
			sourceTree = "<group>";
		};
		633FF895296ED9B9006EE295 /* Products */ = {
			isa = PBXGroup;
			children = (
				633FF894296ED9B9006EE295 /* RickAndMorty.app */,
			);
			name = Products;
			sourceTree = "<group>";
		};
		633FF896296ED9B9006EE295 /* RickAndMorty */ = {
			isa = PBXGroup;
			children = (
				633FF8B0296EDD1A006EE295 /* Managers */,
				633FF8AF296EDD0D006EE295 /* APIClient */,
				633FF8AE296EDD03006EE295 /* Models */,
				633FF8AC296EDCF6006EE295 /* ViewModels */,
				633FF8AD296EDCFE006EE295 /* Views */,
				633FF8AB296EDCEF006EE295 /* Controllers */,
				6364736C29701C7100609B66 /* Extensions */,
				633FF8B1296EDD3E006EE295 /* Scene */,
				633FF8B2296EDD4C006EE295 /* Resources */,
			);
			path = RickAndMorty;
			sourceTree = "<group>";
		};
		633FF8AB296EDCEF006EE295 /* Controllers */ = {
			isa = PBXGroup;
			children = (
				6358CEB72971191A00B8F96E /* General */,
				633FF8B9296EDE8E006EE295 /* Core */,
			);
			path = Controllers;
			sourceTree = "<group>";
		};
		633FF8AC296EDCF6006EE295 /* ViewModels */ = {
			isa = PBXGroup;
			children = (
				6358CEBA297119BB00B8F96E /* CharacterViewModels */,
			);
			path = ViewModels;
			sourceTree = "<group>";
		};
		633FF8AD296EDCFE006EE295 /* Views */ = {
			isa = PBXGroup;
			children = (
				6358CEBB297119CD00B8F96E /* CharacterViews */,
			);
			path = Views;
			sourceTree = "<group>";
		};
		633FF8AE296EDD03006EE295 /* Models */ = {
			isa = PBXGroup;
			children = (
				6364733A296FC84200609B66 /* APIResponseTypes */,
				63647339296FC83800609B66 /* DataTypes */,
			);
			path = Models;
			sourceTree = "<group>";
		};
		633FF8AF296EDD0D006EE295 /* APIClient */ = {
			isa = PBXGroup;
			children = (
				633FF8C2296EE745006EE295 /* RMService.swift */,
				633FF8C4296EE75B006EE295 /* RMRequest.swift */,
				633FF8C6296EE7D1006EE295 /* RMEndpoint.swift */,
			);
			path = APIClient;
			sourceTree = "<group>";
		};
		633FF8B0296EDD1A006EE295 /* Managers */ = {
			isa = PBXGroup;
			children = (
			);
			path = Managers;
			sourceTree = "<group>";
		};
		633FF8B1296EDD3E006EE295 /* Scene */ = {
			isa = PBXGroup;
			children = (
				633FF897296ED9B9006EE295 /* AppDelegate.swift */,
				633FF899296ED9B9006EE295 /* SceneDelegate.swift */,
			);
			path = Scene;
			sourceTree = "<group>";
		};
		633FF8B2296EDD4C006EE295 /* Resources */ = {
			isa = PBXGroup;
			children = (
				633FF8A0296ED9BB006EE295 /* Assets.xcassets */,
				633FF8A2296ED9BB006EE295 /* LaunchScreen.storyboard */,
				633FF8A5296ED9BB006EE295 /* Info.plist */,
			);
			path = Resources;
			sourceTree = "<group>";
		};
		633FF8B9296EDE8E006EE295 /* Core */ = {
			isa = PBXGroup;
			children = (
				633FF89B296ED9B9006EE295 /* RMTabBarController.swift */,
				633FF8BA296EDEAC006EE295 /* RMCharacterViewController.swift */,
				633FF8BC296EDEB6006EE295 /* RMLocationViewController.swift */,
				633FF8BE296EDEBE006EE295 /* RMEpisodeViewController.swift */,
				633FF8C0296EDECB006EE295 /* RMSettingsViewController.swift */,
			);
			path = Core;
			sourceTree = "<group>";
		};
		6358CEB72971191A00B8F96E /* General */ = {
			isa = PBXGroup;
			children = (
				6358CEB82971193D00B8F96E /* RMCharacterDetailViewController.swift */,
			);
			path = General;
			sourceTree = "<group>";
		};
		6358CEBA297119BB00B8F96E /* CharacterViewModels */ = {
			isa = PBXGroup;
			children = (
				636473682970162500609B66 /* RMCharacterListViewViewModel.swift */,
				63647371297026C200609B66 /* RMCharacterListViewCellViewModel.swift */,
				6358CEBE29711A4100B8F96E /* RMCharacterDetailViewViewModel.swift */,
			);
			path = CharacterViewModels;
			sourceTree = "<group>";
		};
		6358CEBB297119CD00B8F96E /* CharacterViews */ = {
			isa = PBXGroup;
			children = (
				6364736A2970167700609B66 /* RMCharacterListView.swift */,
				6364736F297025D900609B66 /* RMCharacterCollectionViewCell.swift */,
				6358CEBC29711A0000B8F96E /* RMCharacterDetailView.swift */,
				6358CEC0297122D100B8F96E /* RMFooterLoadingCollectionReusableView.swift */,
			);
			path = CharacterViews;
			sourceTree = "<group>";
		};
		63647339296FC83800609B66 /* DataTypes */ = {
			isa = PBXGroup;
			children = (
				633FF8B5296EDDF6006EE295 /* RMCharacter.swift */,
				633FF8B3296EDDF0006EE295 /* RMLocation.swift */,
				633FF8B7296EDE0A006EE295 /* RMEpisode.swift */,
			);
			path = DataTypes;
			sourceTree = "<group>";
		};
		6364733A296FC84200609B66 /* APIResponseTypes */ = {
			isa = PBXGroup;
			children = (
				6364733D296FC87600609B66 /* RMGetAllCharactersResponse.swift */,
			);
			path = APIResponseTypes;
			sourceTree = "<group>";
		};
		6364736C29701C7100609B66 /* Extensions */ = {
			isa = PBXGroup;
			children = (
				6364736D29701C8F00609B66 /* Extensions.swift */,
			);
			path = Extensions;
			sourceTree = "<group>";
		};
/* End PBXGroup section */

/* Begin PBXNativeTarget section */
		633FF893296ED9B9006EE295 /* RickAndMorty */ = {
			isa = PBXNativeTarget;
			buildConfigurationList = 633FF8A8296ED9BB006EE295 /* Build configuration list for PBXNativeTarget "RickAndMorty" */;
			buildPhases = (
				633FF890296ED9B9006EE295 /* Sources */,
				633FF891296ED9B9006EE295 /* Frameworks */,
				633FF892296ED9B9006EE295 /* Resources */,
			);
			buildRules = (
			);
			dependencies = (
			);
			name = RickAndMorty;
			packageProductDependencies = (
				634F9E8E296F16AD00A6387D /* SnapKit */,
			);
			productName = RickAndMorty;
			productReference = 633FF894296ED9B9006EE295 /* RickAndMorty.app */;
			productType = "com.apple.product-type.application";
		};
/* End PBXNativeTarget section */

/* Begin PBXProject section */
		633FF88C296ED9B9006EE295 /* Project object */ = {
			isa = PBXProject;
			attributes = {
				BuildIndependentTargetsInParallel = 1;
				LastSwiftUpdateCheck = 1420;
				LastUpgradeCheck = 1420;
				TargetAttributes = {
					633FF893296ED9B9006EE295 = {
						CreatedOnToolsVersion = 14.2;
					};
				};
			};
			buildConfigurationList = 633FF88F296ED9B9006EE295 /* Build configuration list for PBXProject "RickAndMorty" */;
			compatibilityVersion = "Xcode 14.0";
			developmentRegion = en;
			hasScannedForEncodings = 0;
			knownRegions = (
				en,
				Base,
			);
			mainGroup = 633FF88B296ED9B9006EE295;
			packageReferences = (
				634F9E8D296F16AD00A6387D /* XCRemoteSwiftPackageReference "SnapKit" */,
			);
			productRefGroup = 633FF895296ED9B9006EE295 /* Products */;
			projectDirPath = "";
			projectRoot = "";
			targets = (
				633FF893296ED9B9006EE295 /* RickAndMorty */,
			);
		};
/* End PBXProject section */

/* Begin PBXResourcesBuildPhase section */
		633FF892296ED9B9006EE295 /* Resources */ = {
			isa = PBXResourcesBuildPhase;
			buildActionMask = 2147483647;
			files = (
				633FF8A4296ED9BB006EE295 /* LaunchScreen.storyboard in Resources */,
				633FF8A1296ED9BB006EE295 /* Assets.xcassets in Resources */,
			);
			runOnlyForDeploymentPostprocessing = 0;
		};
/* End PBXResourcesBuildPhase section */

/* Begin PBXSourcesBuildPhase section */
		633FF890296ED9B9006EE295 /* Sources */ = {
			isa = PBXSourcesBuildPhase;
			buildActionMask = 2147483647;
			files = (
				633FF8BD296EDEB6006EE295 /* RMLocationViewController.swift in Sources */,
				633FF8B8296EDE0A006EE295 /* RMEpisode.swift in Sources */,
				633FF89C296ED9B9006EE295 /* RMTabBarController.swift in Sources */,
				633FF8BF296EDEBE006EE295 /* RMEpisodeViewController.swift in Sources */,
				6364733E296FC87600609B66 /* RMGetAllCharactersResponse.swift in Sources */,
				6358CEC1297122D100B8F96E /* RMFooterLoadingCollectionReusableView.swift in Sources */,
				633FF898296ED9B9006EE295 /* AppDelegate.swift in Sources */,
				6358CEB92971193D00B8F96E /* RMCharacterDetailViewController.swift in Sources */,
				633FF89A296ED9B9006EE295 /* SceneDelegate.swift in Sources */,
				6358CEBD29711A0000B8F96E /* RMCharacterDetailView.swift in Sources */,
				6364736B2970167700609B66 /* RMCharacterListView.swift in Sources */,
				633FF8C1296EDECB006EE295 /* RMSettingsViewController.swift in Sources */,
				633FF8C3296EE746006EE295 /* RMService.swift in Sources */,
				63647372297026C200609B66 /* RMCharacterListViewCellViewModel.swift in Sources */,
				6358CEBF29711A4100B8F96E /* RMCharacterDetailViewViewModel.swift in Sources */,
				633FF8B4296EDDF0006EE295 /* RMLocation.swift in Sources */,
				636473692970162500609B66 /* RMCharacterListViewViewModel.swift in Sources */,
				633FF8C7296EE7D1006EE295 /* RMEndpoint.swift in Sources */,
				633FF8B6296EDDF6006EE295 /* RMCharacter.swift in Sources */,
				6364736E29701C8F00609B66 /* Extensions.swift in Sources */,
				633FF8C5296EE75B006EE295 /* RMRequest.swift in Sources */,
				633FF8BB296EDEAC006EE295 /* RMCharacterViewController.swift in Sources */,
				63647370297025D900609B66 /* RMCharacterCollectionViewCell.swift in Sources */,
			);
			runOnlyForDeploymentPostprocessing = 0;
		};
/* End PBXSourcesBuildPhase section */

/* Begin PBXVariantGroup section */
		633FF8A2296ED9BB006EE295 /* LaunchScreen.storyboard */ = {
			isa = PBXVariantGroup;
			children = (
				633FF8A3296ED9BB006EE295 /* Base */,
			);
			name = LaunchScreen.storyboard;
			sourceTree = "<group>";
		};
/* End PBXVariantGroup section */

/* Begin XCBuildConfiguration section */
		633FF8A6296ED9BB006EE295 /* Debug */ = {
			isa = XCBuildConfiguration;
			buildSettings = {
				ALWAYS_SEARCH_USER_PATHS = NO;
				CLANG_ANALYZER_NONNULL = YES;
				CLANG_ANALYZER_NUMBER_OBJECT_CONVERSION = YES_AGGRESSIVE;
				CLANG_CXX_LANGUAGE_STANDARD = "gnu++20";
				CLANG_ENABLE_MODULES = YES;
				CLANG_ENABLE_OBJC_ARC = YES;
				CLANG_ENABLE_OBJC_WEAK = YES;
				CLANG_WARN_BLOCK_CAPTURE_AUTORELEASING = YES;
				CLANG_WARN_BOOL_CONVERSION = YES;
				CLANG_WARN_COMMA = YES;
				CLANG_WARN_CONSTANT_CONVERSION = YES;
				CLANG_WARN_DEPRECATED_OBJC_IMPLEMENTATIONS = YES;
				CLANG_WARN_DIRECT_OBJC_ISA_USAGE = YES_ERROR;
				CLANG_WARN_DOCUMENTATION_COMMENTS = YES;
				CLANG_WARN_EMPTY_BODY = YES;
				CLANG_WARN_ENUM_CONVERSION = YES;
				CLANG_WARN_INFINITE_RECURSION = YES;
				CLANG_WARN_INT_CONVERSION = YES;
				CLANG_WARN_NON_LITERAL_NULL_CONVERSION = YES;
				CLANG_WARN_OBJC_IMPLICIT_RETAIN_SELF = YES;
				CLANG_WARN_OBJC_LITERAL_CONVERSION = YES;
				CLANG_WARN_OBJC_ROOT_CLASS = YES_ERROR;
				CLANG_WARN_QUOTED_INCLUDE_IN_FRAMEWORK_HEADER = YES;
				CLANG_WARN_RANGE_LOOP_ANALYSIS = YES;
				CLANG_WARN_STRICT_PROTOTYPES = YES;
				CLANG_WARN_SUSPICIOUS_MOVE = YES;
				CLANG_WARN_UNGUARDED_AVAILABILITY = YES_AGGRESSIVE;
				CLANG_WARN_UNREACHABLE_CODE = YES;
				CLANG_WARN__DUPLICATE_METHOD_MATCH = YES;
				COPY_PHASE_STRIP = NO;
				DEBUG_INFORMATION_FORMAT = dwarf;
				ENABLE_STRICT_OBJC_MSGSEND = YES;
				ENABLE_TESTABILITY = YES;
				GCC_C_LANGUAGE_STANDARD = gnu11;
				GCC_DYNAMIC_NO_PIC = NO;
				GCC_NO_COMMON_BLOCKS = YES;
				GCC_OPTIMIZATION_LEVEL = 0;
				GCC_PREPROCESSOR_DEFINITIONS = (
					"DEBUG=1",
					"$(inherited)",
				);
				GCC_WARN_64_TO_32_BIT_CONVERSION = YES;
				GCC_WARN_ABOUT_RETURN_TYPE = YES_ERROR;
				GCC_WARN_UNDECLARED_SELECTOR = YES;
				GCC_WARN_UNINITIALIZED_AUTOS = YES_AGGRESSIVE;
				GCC_WARN_UNUSED_FUNCTION = YES;
				GCC_WARN_UNUSED_VARIABLE = YES;
				IPHONEOS_DEPLOYMENT_TARGET = 16.2;
				MTL_ENABLE_DEBUG_INFO = INCLUDE_SOURCE;
				MTL_FAST_MATH = YES;
				ONLY_ACTIVE_ARCH = YES;
				SDKROOT = iphoneos;
				SWIFT_ACTIVE_COMPILATION_CONDITIONS = DEBUG;
				SWIFT_OPTIMIZATION_LEVEL = "-Onone";
			};
			name = Debug;
		};
		633FF8A7296ED9BB006EE295 /* Release */ = {
			isa = XCBuildConfiguration;
			buildSettings = {
				ALWAYS_SEARCH_USER_PATHS = NO;
				CLANG_ANALYZER_NONNULL = YES;
				CLANG_ANALYZER_NUMBER_OBJECT_CONVERSION = YES_AGGRESSIVE;
				CLANG_CXX_LANGUAGE_STANDARD = "gnu++20";
				CLANG_ENABLE_MODULES = YES;
				CLANG_ENABLE_OBJC_ARC = YES;
				CLANG_ENABLE_OBJC_WEAK = YES;
				CLANG_WARN_BLOCK_CAPTURE_AUTORELEASING = YES;
				CLANG_WARN_BOOL_CONVERSION = YES;
				CLANG_WARN_COMMA = YES;
				CLANG_WARN_CONSTANT_CONVERSION = YES;
				CLANG_WARN_DEPRECATED_OBJC_IMPLEMENTATIONS = YES;
				CLANG_WARN_DIRECT_OBJC_ISA_USAGE = YES_ERROR;
				CLANG_WARN_DOCUMENTATION_COMMENTS = YES;
				CLANG_WARN_EMPTY_BODY = YES;
				CLANG_WARN_ENUM_CONVERSION = YES;
				CLANG_WARN_INFINITE_RECURSION = YES;
				CLANG_WARN_INT_CONVERSION = YES;
				CLANG_WARN_NON_LITERAL_NULL_CONVERSION = YES;
				CLANG_WARN_OBJC_IMPLICIT_RETAIN_SELF = YES;
				CLANG_WARN_OBJC_LITERAL_CONVERSION = YES;
				CLANG_WARN_OBJC_ROOT_CLASS = YES_ERROR;
				CLANG_WARN_QUOTED_INCLUDE_IN_FRAMEWORK_HEADER = YES;
				CLANG_WARN_RANGE_LOOP_ANALYSIS = YES;
				CLANG_WARN_STRICT_PROTOTYPES = YES;
				CLANG_WARN_SUSPICIOUS_MOVE = YES;
				CLANG_WARN_UNGUARDED_AVAILABILITY = YES_AGGRESSIVE;
				CLANG_WARN_UNREACHABLE_CODE = YES;
				CLANG_WARN__DUPLICATE_METHOD_MATCH = YES;
				COPY_PHASE_STRIP = NO;
				DEBUG_INFORMATION_FORMAT = "dwarf-with-dsym";
				ENABLE_NS_ASSERTIONS = NO;
				ENABLE_STRICT_OBJC_MSGSEND = YES;
				GCC_C_LANGUAGE_STANDARD = gnu11;
				GCC_NO_COMMON_BLOCKS = YES;
				GCC_WARN_64_TO_32_BIT_CONVERSION = YES;
				GCC_WARN_ABOUT_RETURN_TYPE = YES_ERROR;
				GCC_WARN_UNDECLARED_SELECTOR = YES;
				GCC_WARN_UNINITIALIZED_AUTOS = YES_AGGRESSIVE;
				GCC_WARN_UNUSED_FUNCTION = YES;
				GCC_WARN_UNUSED_VARIABLE = YES;
				IPHONEOS_DEPLOYMENT_TARGET = 16.2;
				MTL_ENABLE_DEBUG_INFO = NO;
				MTL_FAST_MATH = YES;
				SDKROOT = iphoneos;
				SWIFT_COMPILATION_MODE = wholemodule;
				SWIFT_OPTIMIZATION_LEVEL = "-O";
				VALIDATE_PRODUCT = YES;
			};
			name = Release;
		};
		633FF8A9296ED9BB006EE295 /* Debug */ = {
			isa = XCBuildConfiguration;
			buildSettings = {
				ASSETCATALOG_COMPILER_APPICON_NAME = AppIcon;
				ASSETCATALOG_COMPILER_GLOBAL_ACCENT_COLOR_NAME = AccentColor;
				CODE_SIGN_STYLE = Automatic;
				CURRENT_PROJECT_VERSION = 1;
				DEVELOPMENT_TEAM = WUJ5ZM42NZ;
				GENERATE_INFOPLIST_FILE = YES;
				INFOPLIST_FILE = RickAndMorty/Resources/Info.plist;
				INFOPLIST_KEY_UIApplicationSupportsIndirectInputEvents = YES;
				INFOPLIST_KEY_UILaunchStoryboardName = LaunchScreen;
				INFOPLIST_KEY_UISupportedInterfaceOrientations = "UIInterfaceOrientationLandscapeLeft UIInterfaceOrientationLandscapeRight UIInterfaceOrientationPortrait";
				INFOPLIST_KEY_UISupportedInterfaceOrientations_iPad = UIInterfaceOrientationPortrait;
				LD_RUNPATH_SEARCH_PATHS = (
					"$(inherited)",
					"@executable_path/Frameworks",
				);
				MARKETING_VERSION = 1.0;
				PRODUCT_BUNDLE_IDENTIFIER = com.alshdjv.RickAndMorty;
				PRODUCT_NAME = "$(TARGET_NAME)";
				SWIFT_EMIT_LOC_STRINGS = YES;
				SWIFT_VERSION = 5.0;
				TARGETED_DEVICE_FAMILY = "1,2";
			};
			name = Debug;
		};
		633FF8AA296ED9BB006EE295 /* Release */ = {
			isa = XCBuildConfiguration;
			buildSettings = {
				ASSETCATALOG_COMPILER_APPICON_NAME = AppIcon;
				ASSETCATALOG_COMPILER_GLOBAL_ACCENT_COLOR_NAME = AccentColor;
				CODE_SIGN_STYLE = Automatic;
				CURRENT_PROJECT_VERSION = 1;
				DEVELOPMENT_TEAM = WUJ5ZM42NZ;
				GENERATE_INFOPLIST_FILE = YES;
				INFOPLIST_FILE = RickAndMorty/Resources/Info.plist;
				INFOPLIST_KEY_UIApplicationSupportsIndirectInputEvents = YES;
				INFOPLIST_KEY_UILaunchStoryboardName = LaunchScreen;
				INFOPLIST_KEY_UISupportedInterfaceOrientations = "UIInterfaceOrientationLandscapeLeft UIInterfaceOrientationLandscapeRight UIInterfaceOrientationPortrait";
				INFOPLIST_KEY_UISupportedInterfaceOrientations_iPad = UIInterfaceOrientationPortrait;
				LD_RUNPATH_SEARCH_PATHS = (
					"$(inherited)",
					"@executable_path/Frameworks",
				);
				MARKETING_VERSION = 1.0;
				PRODUCT_BUNDLE_IDENTIFIER = com.alshdjv.RickAndMorty;
				PRODUCT_NAME = "$(TARGET_NAME)";
				SWIFT_EMIT_LOC_STRINGS = YES;
				SWIFT_VERSION = 5.0;
				TARGETED_DEVICE_FAMILY = "1,2";
			};
			name = Release;
		};
/* End XCBuildConfiguration section */

/* Begin XCConfigurationList section */
		633FF88F296ED9B9006EE295 /* Build configuration list for PBXProject "RickAndMorty" */ = {
			isa = XCConfigurationList;
			buildConfigurations = (
				633FF8A6296ED9BB006EE295 /* Debug */,
				633FF8A7296ED9BB006EE295 /* Release */,
			);
			defaultConfigurationIsVisible = 0;
			defaultConfigurationName = Release;
		};
		633FF8A8296ED9BB006EE295 /* Build configuration list for PBXNativeTarget "RickAndMorty" */ = {
			isa = XCConfigurationList;
			buildConfigurations = (
				633FF8A9296ED9BB006EE295 /* Debug */,
				633FF8AA296ED9BB006EE295 /* Release */,
			);
			defaultConfigurationIsVisible = 0;
			defaultConfigurationName = Release;
		};
/* End XCConfigurationList section */

/* Begin XCRemoteSwiftPackageReference section */
		634F9E8D296F16AD00A6387D /* XCRemoteSwiftPackageReference "SnapKit" */ = {
			isa = XCRemoteSwiftPackageReference;
			repositoryURL = "https://github.com/SnapKit/SnapKit.git";
			requirement = {
				branch = develop;
				kind = branch;
			};
		};
/* End XCRemoteSwiftPackageReference section */

/* Begin XCSwiftPackageProductDependency section */
		634F9E8E296F16AD00A6387D /* SnapKit */ = {
			isa = XCSwiftPackageProductDependency;
			package = 634F9E8D296F16AD00A6387D /* XCRemoteSwiftPackageReference "SnapKit" */;
			productName = SnapKit;
		};
/* End XCSwiftPackageProductDependency section */
	};
	rootObject = 633FF88C296ED9B9006EE295 /* Project object */;
}
